// !$*UTF8*$!
{
	archiveVersion = 1;
	classes = {
	};
	objectVersion = 48;
	objects = {

/* Begin PBXBuildFile section */
		847242F81FFB096F005E81A4 /* AppDelegate.swift in Sources */ = {isa = PBXBuildFile; fileRef = 847242F71FFB096F005E81A4 /* AppDelegate.swift */; };
		847242FA1FFB096F005E81A4 /* ViewController.swift in Sources */ = {isa = PBXBuildFile; fileRef = 847242F91FFB096F005E81A4 /* ViewController.swift */; };
		847242FD1FFB096F005E81A4 /* Main.storyboard in Resources */ = {isa = PBXBuildFile; fileRef = 847242FB1FFB096F005E81A4 /* Main.storyboard */; };
		847242FF1FFB096F005E81A4 /* Assets.xcassets in Resources */ = {isa = PBXBuildFile; fileRef = 847242FE1FFB096F005E81A4 /* Assets.xcassets */; };
		847243021FFB096F005E81A4 /* LaunchScreen.storyboard in Resources */ = {isa = PBXBuildFile; fileRef = 847243001FFB096F005E81A4 /* LaunchScreen.storyboard */; };
		8472430D1FFB096F005E81A4 /* myProject1Tests.swift in Sources */ = {isa = PBXBuildFile; fileRef = 8472430C1FFB096F005E81A4 /* myProject1Tests.swift */; };
		847243181FFB096F005E81A4 /* myProject1UITests.swift in Sources */ = {isa = PBXBuildFile; fileRef = 847243171FFB096F005E81A4 /* myProject1UITests.swift */; };
/* End PBXBuildFile section */

/* Begin PBXContainerItemProxy section */
		847243091FFB096F005E81A4 /* PBXContainerItemProxy */ = {
			isa = PBXContainerItemProxy;
			containerPortal = 847242EC1FFB096E005E81A4 /* Project object */;
			proxyType = 1;
			remoteGlobalIDString = 847242F31FFB096F005E81A4;
			remoteInfo = myProject1;
		};
		847243141FFB096F005E81A4 /* PBXContainerItemProxy */ = {
			isa = PBXContainerItemProxy;
			containerPortal = 847242EC1FFB096E005E81A4 /* Project object */;
			proxyType = 1;
			remoteGlobalIDString = 847242F31FFB096F005E81A4;
			remoteInfo = myProject1;
		};
/* End PBXContainerItemProxy section */

/* Begin PBXFileReference section */
		847242F41FFB096F005E81A4 /* myProject1.app */ = {isa = PBXFileReference; explicitFileType = wrapper.application; includeInIndex = 0; path = myProject1.app; sourceTree = BUILT_PRODUCTS_DIR; };
		847242F71FFB096F005E81A4 /* AppDelegate.swift */ = {isa = PBXFileReference; lastKnownFileType = sourcecode.swift; path = AppDelegate.swift; sourceTree = "<group>"; };
		847242F91FFB096F005E81A4 /* ViewController.swift */ = {isa = PBXFileReference; lastKnownFileType = sourcecode.swift; path = ViewController.swift; sourceTree = "<group>"; };
		847242FC1FFB096F005E81A4 /* Base */ = {isa = PBXFileReference; lastKnownFileType = file.storyboard; name = Base; path = Base.lproj/Main.storyboard; sourceTree = "<group>"; };
		847242FE1FFB096F005E81A4 /* Assets.xcassets */ = {isa = PBXFileReference; lastKnownFileType = folder.assetcatalog; path = Assets.xcassets; sourceTree = "<group>"; };
		847243011FFB096F005E81A4 /* Base */ = {isa = PBXFileReference; lastKnownFileType = file.storyboard; name = Base; path = Base.lproj/LaunchScreen.storyboard; sourceTree = "<group>"; };
		847243031FFB096F005E81A4 /* Info.plist */ = {isa = PBXFileReference; lastKnownFileType = text.plist.xml; path = Info.plist; sourceTree = "<group>"; };
		847243081FFB096F005E81A4 /* myProject1Tests.xctest */ = {isa = PBXFileReference; explicitFileType = wrapper.cfbundle; includeInIndex = 0; path = myProject1Tests.xctest; sourceTree = BUILT_PRODUCTS_DIR; };
		8472430C1FFB096F005E81A4 /* myProject1Tests.swift */ = {isa = PBXFileReference; lastKnownFileType = sourcecode.swift; path = myProject1Tests.swift; sourceTree = "<group>"; };
		8472430E1FFB096F005E81A4 /* Info.plist */ = {isa = PBXFileReference; lastKnownFileType = text.plist.xml; path = Info.plist; sourceTree = "<group>"; };
		847243131FFB096F005E81A4 /* myProject1UITests.xctest */ = {isa = PBXFileReference; explicitFileType = wrapper.cfbundle; includeInIndex = 0; path = myProject1UITests.xctest; sourceTree = BUILT_PRODUCTS_DIR; };
		847243171FFB096F005E81A4 /* myProject1UITests.swift */ = {isa = PBXFileReference; lastKnownFileType = sourcecode.swift; path = myProject1UITests.swift; sourceTree = "<group>"; };
		847243191FFB096F005E81A4 /* Info.plist */ = {isa = PBXFileReference; lastKnownFileType = text.plist.xml; path = Info.plist; sourceTree = "<group>"; };
/* End PBXFileReference section */

/* Begin PBXFrameworksBuildPhase section */
		847242F11FFB096F005E81A4 /* Frameworks */ = {
			isa = PBXFrameworksBuildPhase;
			buildActionMask = 2147483647;
			files = (
			);
			runOnlyForDeploymentPostprocessing = 0;
		};
		847243051FFB096F005E81A4 /* Frameworks */ = {
			isa = PBXFrameworksBuildPhase;
			buildActionMask = 2147483647;
			files = (
			);
			runOnlyForDeploymentPostprocessing = 0;
		};
		847243101FFB096F005E81A4 /* Frameworks */ = {
			isa = PBXFrameworksBuildPhase;
			buildActionMask = 2147483647;
			files = (
			);
			runOnlyForDeploymentPostprocessing = 0;
		};
/* End PBXFrameworksBuildPhase section */

/* Begin PBXGroup section */
		847242EB1FFB096E005E81A4 = {
			isa = PBXGroup;
			children = (
				847242F61FFB096F005E81A4 /* myProject1 */,
				8472430B1FFB096F005E81A4 /* myProject1Tests */,
				847243161FFB096F005E81A4 /* myProject1UITests */,
				847242F51FFB096F005E81A4 /* Products */,
			);
			sourceTree = "<group>";
		};
		847242F51FFB096F005E81A4 /* Products */ = {
			isa = PBXGroup;
			children = (
				847242F41FFB096F005E81A4 /* myProject1.app */,
				847243081FFB096F005E81A4 /* myProject1Tests.xctest */,
				847243131FFB096F005E81A4 /* myProject1UITests.xctest */,
			);
			name = Products;
			sourceTree = "<group>";
		};
		847242F61FFB096F005E81A4 /* myProject1 */ = {
			isa = PBXGroup;
			children = (
				847242F71FFB096F005E81A4 /* AppDelegate.swift */,
				847242F91FFB096F005E81A4 /* ViewController.swift */,
				847242FB1FFB096F005E81A4 /* Main.storyboard */,
				847242FE1FFB096F005E81A4 /* Assets.xcassets */,
				847243001FFB096F005E81A4 /* LaunchScreen.storyboard */,
				847243031FFB096F005E81A4 /* Info.plist */,
			);
			path = myProject1;
			sourceTree = "<group>";
		};
		8472430B1FFB096F005E81A4 /* myProject1Tests */ = {
			isa = PBXGroup;
			children = (
				8472430C1FFB096F005E81A4 /* myProject1Tests.swift */,
				8472430E1FFB096F005E81A4 /* Info.plist */,
			);
			path = myProject1Tests;
			sourceTree = "<group>";
		};
		847243161FFB096F005E81A4 /* myProject1UITests */ = {
			isa = PBXGroup;
			children = (
				847243171FFB096F005E81A4 /* myProject1UITests.swift */,
				847243191FFB096F005E81A4 /* Info.plist */,
			);
			path = myProject1UITests;
			sourceTree = "<group>";
		};
/* End PBXGroup section */

/* Begin PBXNativeTarget section */
		847242F31FFB096F005E81A4 /* myProject1 */ = {
			isa = PBXNativeTarget;
			buildConfigurationList = 8472431C1FFB096F005E81A4 /* Build configuration list for PBXNativeTarget "myProject1" */;
			buildPhases = (
				847242F01FFB096F005E81A4 /* Sources */,
				847242F11FFB096F005E81A4 /* Frameworks */,
				847242F21FFB096F005E81A4 /* Resources */,
			);
			buildRules = (
			);
			dependencies = (
			);
			name = myProject1;
			productName = myProject1;
			productReference = 847242F41FFB096F005E81A4 /* myProject1.app */;
			productType = "com.apple.product-type.application";
		};
		847243071FFB096F005E81A4 /* myProject1Tests */ = {
			isa = PBXNativeTarget;
			buildConfigurationList = 8472431F1FFB096F005E81A4 /* Build configuration list for PBXNativeTarget "myProject1Tests" */;
			buildPhases = (
				847243041FFB096F005E81A4 /* Sources */,
				847243051FFB096F005E81A4 /* Frameworks */,
				847243061FFB096F005E81A4 /* Resources */,
			);
			buildRules = (
			);
			dependencies = (
				8472430A1FFB096F005E81A4 /* PBXTargetDependency */,
			);
			name = myProject1Tests;
			productName = myProject1Tests;
			productReference = 847243081FFB096F005E81A4 /* myProject1Tests.xctest */;
			productType = "com.apple.product-type.bundle.unit-test";
		};
		847243121FFB096F005E81A4 /* myProject1UITests */ = {
			isa = PBXNativeTarget;
			buildConfigurationList = 847243221FFB096F005E81A4 /* Build configuration list for PBXNativeTarget "myProject1UITests" */;
			buildPhases = (
				8472430F1FFB096F005E81A4 /* Sources */,
				847243101FFB096F005E81A4 /* Frameworks */,
				847243111FFB096F005E81A4 /* Resources */,
			);
			buildRules = (
			);
			dependencies = (
				847243151FFB096F005E81A4 /* PBXTargetDependency */,
			);
			name = myProject1UITests;
			productName = myProject1UITests;
			productReference = 847243131FFB096F005E81A4 /* myProject1UITests.xctest */;
			productType = "com.apple.product-type.bundle.ui-testing";
		};
/* End PBXNativeTarget section */

/* Begin PBXProject section */
		847242EC1FFB096E005E81A4 /* Project object */ = {
			isa = PBXProject;
			attributes = {
				LastSwiftUpdateCheck = 0920;
				LastUpgradeCheck = 0920;
				ORGANIZATIONNAME = Administrator;
				TargetAttributes = {
					847242F31FFB096F005E81A4 = {
						CreatedOnToolsVersion = 9.2;
						ProvisioningStyle = Manual;
					};
					847243071FFB096F005E81A4 = {
						CreatedOnToolsVersion = 9.2;
						ProvisioningStyle = Automatic;
						TestTargetID = 847242F31FFB096F005E81A4;
					};
					847243121FFB096F005E81A4 = {
						CreatedOnToolsVersion = 9.2;
						ProvisioningStyle = Automatic;
						TestTargetID = 847242F31FFB096F005E81A4;
					};
				};
			};
			buildConfigurationList = 847242EF1FFB096E005E81A4 /* Build configuration list for PBXProject "myProject1" */;
			compatibilityVersion = "Xcode 8.0";
			developmentRegion = en;
			hasScannedForEncodings = 0;
			knownRegions = (
				en,
				Base,
			);
			mainGroup = 847242EB1FFB096E005E81A4;
			productRefGroup = 847242F51FFB096F005E81A4 /* Products */;
			projectDirPath = "";
			projectRoot = "";
			targets = (
				847242F31FFB096F005E81A4 /* myProject1 */,
				847243071FFB096F005E81A4 /* myProject1Tests */,
				847243121FFB096F005E81A4 /* myProject1UITests */,
			);
		};
/* End PBXProject section */

/* Begin PBXResourcesBuildPhase section */
		847242F21FFB096F005E81A4 /* Resources */ = {
			isa = PBXResourcesBuildPhase;
			buildActionMask = 2147483647;
			files = (
				847243021FFB096F005E81A4 /* LaunchScreen.storyboard in Resources */,
				847242FF1FFB096F005E81A4 /* Assets.xcassets in Resources */,
				847242FD1FFB096F005E81A4 /* Main.storyboard in Resources */,
			);
			runOnlyForDeploymentPostprocessing = 0;
		};
		847243061FFB096F005E81A4 /* Resources */ = {
			isa = PBXResourcesBuildPhase;
			buildActionMask = 2147483647;
			files = (
			);
			runOnlyForDeploymentPostprocessing = 0;
		};
		847243111FFB096F005E81A4 /* Resources */ = {
			isa = PBXResourcesBuildPhase;
			buildActionMask = 2147483647;
			files = (
			);
			runOnlyForDeploymentPostprocessing = 0;
		};
/* End PBXResourcesBuildPhase section */

/* Begin PBXSourcesBuildPhase section */
		847242F01FFB096F005E81A4 /* Sources */ = {
			isa = PBXSourcesBuildPhase;
			buildActionMask = 2147483647;
			files = (
				847242FA1FFB096F005E81A4 /* ViewController.swift in Sources */,
				847242F81FFB096F005E81A4 /* AppDelegate.swift in Sources */,
			);
			runOnlyForDeploymentPostprocessing = 0;
		};
		847243041FFB096F005E81A4 /* Sources */ = {
			isa = PBXSourcesBuildPhase;
			buildActionMask = 2147483647;
			files = (
				8472430D1FFB096F005E81A4 /* myProject1Tests.swift in Sources */,
			);
			runOnlyForDeploymentPostprocessing = 0;
		};
		8472430F1FFB096F005E81A4 /* Sources */ = {
			isa = PBXSourcesBuildPhase;
			buildActionMask = 2147483647;
			files = (
				847243181FFB096F005E81A4 /* myProject1UITests.swift in Sources */,
			);
			runOnlyForDeploymentPostprocessing = 0;
		};
/* End PBXSourcesBuildPhase section */

/* Begin PBXTargetDependency section */
		8472430A1FFB096F005E81A4 /* PBXTargetDependency */ = {
			isa = PBXTargetDependency;
			target = 847242F31FFB096F005E81A4 /* myProject1 */;
			targetProxy = 847243091FFB096F005E81A4 /* PBXContainerItemProxy */;
		};
		847243151FFB096F005E81A4 /* PBXTargetDependency */ = {
			isa = PBXTargetDependency;
			target = 847242F31FFB096F005E81A4 /* myProject1 */;
			targetProxy = 847243141FFB096F005E81A4 /* PBXContainerItemProxy */;
		};
/* End PBXTargetDependency section */

/* Begin PBXVariantGroup section */
		847242FB1FFB096F005E81A4 /* Main.storyboard */ = {
			isa = PBXVariantGroup;
			children = (
				847242FC1FFB096F005E81A4 /* Base */,
			);
			name = Main.storyboard;
			sourceTree = "<group>";
		};
		847243001FFB096F005E81A4 /* LaunchScreen.storyboard */ = {
			isa = PBXVariantGroup;
			children = (
				847243011FFB096F005E81A4 /* Base */,
			);
			name = LaunchScreen.storyboard;
			sourceTree = "<group>";
		};
/* End PBXVariantGroup section */

/* Begin XCBuildConfiguration section */
		8472431A1FFB096F005E81A4 /* Debug */ = {
			isa = XCBuildConfiguration;
			buildSettings = {
				ALWAYS_SEARCH_USER_PATHS = NO;
				CLANG_ANALYZER_NONNULL = YES;
				CLANG_ANALYZER_NUMBER_OBJECT_CONVERSION = YES_AGGRESSIVE;
				CLANG_CXX_LANGUAGE_STANDARD = "gnu++14";
				CLANG_CXX_LIBRARY = "libc++";
				CLANG_ENABLE_MODULES = YES;
				CLANG_ENABLE_OBJC_ARC = YES;
				CLANG_WARN_BLOCK_CAPTURE_AUTORELEASING = YES;
				CLANG_WARN_BOOL_CONVERSION = YES;
				CLANG_WARN_COMMA = YES;
				CLANG_WARN_CONSTANT_CONVERSION = YES;
				CLANG_WARN_DIRECT_OBJC_ISA_USAGE = YES_ERROR;
				CLANG_WARN_DOCUMENTATION_COMMENTS = YES;
				CLANG_WARN_EMPTY_BODY = YES;
				CLANG_WARN_ENUM_CONVERSION = YES;
				CLANG_WARN_INFINITE_RECURSION = YES;
				CLANG_WARN_INT_CONVERSION = YES;
				CLANG_WARN_NON_LITERAL_NULL_CONVERSION = YES;
				CLANG_WARN_OBJC_LITERAL_CONVERSION = YES;
				CLANG_WARN_OBJC_ROOT_CLASS = YES_ERROR;
				CLANG_WARN_RANGE_LOOP_ANALYSIS = YES;
				CLANG_WARN_STRICT_PROTOTYPES = YES;
				CLANG_WARN_SUSPICIOUS_MOVE = YES;
				CLANG_WARN_UNGUARDED_AVAILABILITY = YES_AGGRESSIVE;
				CLANG_WARN_UNREACHABLE_CODE = YES;
				CLANG_WARN__DUPLICATE_METHOD_MATCH = YES;
				CODE_SIGN_IDENTITY = "iPhone Developer";
				COPY_PHASE_STRIP = NO;
				DEBUG_INFORMATION_FORMAT = dwarf;
				ENABLE_STRICT_OBJC_MSGSEND = YES;
				ENABLE_TESTABILITY = YES;
				GCC_C_LANGUAGE_STANDARD = gnu11;
				GCC_DYNAMIC_NO_PIC = NO;
				GCC_NO_COMMON_BLOCKS = YES;
				GCC_OPTIMIZATION_LEVEL = 0;
				GCC_PREPROCESSOR_DEFINITIONS = (
					"DEBUG=1",
					"$(inherited)",
				);
				GCC_WARN_64_TO_32_BIT_CONVERSION = YES;
				GCC_WARN_ABOUT_RETURN_TYPE = YES_ERROR;
				GCC_WARN_UNDECLARED_SELECTOR = YES;
				GCC_WARN_UNINITIALIZED_AUTOS = YES_AGGRESSIVE;
				GCC_WARN_UNUSED_FUNCTION = YES;
				GCC_WARN_UNUSED_VARIABLE = YES;
				IPHONEOS_DEPLOYMENT_TARGET = 11.2;
				MTL_ENABLE_DEBUG_INFO = YES;
				ONLY_ACTIVE_ARCH = YES;
				SDKROOT = iphoneos;
				SWIFT_ACTIVE_COMPILATION_CONDITIONS = DEBUG;
				SWIFT_OPTIMIZATION_LEVEL = "-Onone";
			};
			name = Debug;
		};
		8472431B1FFB096F005E81A4 /* Release */ = {
			isa = XCBuildConfiguration;
			buildSettings = {
				ALWAYS_SEARCH_USER_PATHS = NO;
				CLANG_ANALYZER_NONNULL = YES;
				CLANG_ANALYZER_NUMBER_OBJECT_CONVERSION = YES_AGGRESSIVE;
				CLANG_CXX_LANGUAGE_STANDARD = "gnu++14";
				CLANG_CXX_LIBRARY = "libc++";
				CLANG_ENABLE_MODULES = YES;
				CLANG_ENABLE_OBJC_ARC = YES;
				CLANG_WARN_BLOCK_CAPTURE_AUTORELEASING = YES;
				CLANG_WARN_BOOL_CONVERSION = YES;
				CLANG_WARN_COMMA = YES;
				CLANG_WARN_CONSTANT_CONVERSION = YES;
				CLANG_WARN_DIRECT_OBJC_ISA_USAGE = YES_ERROR;
				CLANG_WARN_DOCUMENTATION_COMMENTS = YES;
				CLANG_WARN_EMPTY_BODY = YES;
				CLANG_WARN_ENUM_CONVERSION = YES;
				CLANG_WARN_INFINITE_RECURSION = YES;
				CLANG_WARN_INT_CONVERSION = YES;
				CLANG_WARN_NON_LITERAL_NULL_CONVERSION = YES;
				CLANG_WARN_OBJC_LITERAL_CONVERSION = YES;
				CLANG_WARN_OBJC_ROOT_CLASS = YES_ERROR;
				CLANG_WARN_RANGE_LOOP_ANALYSIS = YES;
				CLANG_WARN_STRICT_PROTOTYPES = YES;
				CLANG_WARN_SUSPICIOUS_MOVE = YES;
				CLANG_WARN_UNGUARDED_AVAILABILITY = YES_AGGRESSIVE;
				CLANG_WARN_UNREACHABLE_CODE = YES;
				CLANG_WARN__DUPLICATE_METHOD_MATCH = YES;
				CODE_SIGN_IDENTITY = "iPhone Developer";
				COPY_PHASE_STRIP = NO;
				DEBUG_INFORMATION_FORMAT = "dwarf-with-dsym";
				ENABLE_NS_ASSERTIONS = NO;
				ENABLE_STRICT_OBJC_MSGSEND = YES;
				GCC_C_LANGUAGE_STANDARD = gnu11;
				GCC_NO_COMMON_BLOCKS = YES;
				GCC_WARN_64_TO_32_BIT_CONVERSION = YES;
				GCC_WARN_ABOUT_RETURN_TYPE = YES_ERROR;
				GCC_WARN_UNDECLARED_SELECTOR = YES;
				GCC_WARN_UNINITIALIZED_AUTOS = YES_AGGRESSIVE;
				GCC_WARN_UNUSED_FUNCTION = YES;
				GCC_WARN_UNUSED_VARIABLE = YES;
				IPHONEOS_DEPLOYMENT_TARGET = 11.2;
				MTL_ENABLE_DEBUG_INFO = NO;
				SDKROOT = iphoneos;
				SWIFT_OPTIMIZATION_LEVEL = "-Owholemodule";
				VALIDATE_PRODUCT = YES;
			};
			name = Release;
		};
		8472431D1FFB096F005E81A4 /* Debug */ = {
			isa = XCBuildConfiguration;
			buildSettings = {
				ASSETCATALOG_COMPILER_APPICON_NAME = AppIcon;
				CODE_SIGN_STYLE = Manual;
				DEVELOPMENT_TEAM = "";
				INFOPLIST_FILE = myProject1/Info.plist;
				LD_RUNPATH_SEARCH_PATHS = "$(inherited) @executable_path/Frameworks";
				PRODUCT_BUNDLE_IDENTIFIER = RDM.myProject1;
				PRODUCT_NAME = "$(TARGET_NAME)";
				PROVISIONING_PROFILE_SPECIFIER = "";
				SWIFT_VERSION = 4.0;
				TARGETED_DEVICE_FAMILY = "1,2";
			};
			name = Debug;
		};
		8472431E1FFB096F005E81A4 /* Release */ = {
			isa = XCBuildConfiguration;
			buildSettings = {
				ASSETCATALOG_COMPILER_APPICON_NAME = AppIcon;
				CODE_SIGN_STYLE = Manual;
				DEVELOPMENT_TEAM = "";
				INFOPLIST_FILE = myProject1/Info.plist;
				LD_RUNPATH_SEARCH_PATHS = "$(inherited) @executable_path/Frameworks";
				PRODUCT_BUNDLE_IDENTIFIER = RDM.myProject1;
				PRODUCT_NAME = "$(TARGET_NAME)";
				PROVISIONING_PROFILE_SPECIFIER = "";
				SWIFT_VERSION = 4.0;
				TARGETED_DEVICE_FAMILY = "1,2";
			};
			name = Release;
		};
		847243201FFB096F005E81A4 /* Debug */ = {
			isa = XCBuildConfiguration;
			buildSettings = {
				ALWAYS_EMBED_SWIFT_STANDARD_LIBRARIES = YES;
				BUNDLE_LOADER = "$(TEST_HOST)";
				CODE_SIGN_STYLE = Automatic;
				INFOPLIST_FILE = myProject1Tests/Info.plist;
				LD_RUNPATH_SEARCH_PATHS = "$(inherited) @executable_path/Frameworks @loader_path/Frameworks";
				PRODUCT_BUNDLE_IDENTIFIER = RDM.myProject1Tests;
				PRODUCT_NAME = "$(TARGET_NAME)";
				SWIFT_VERSION = 4.0;
				TARGETED_DEVICE_FAMILY = "1,2";
				TEST_HOST = "$(BUILT_PRODUCTS_DIR)/myProject1.app/myProject1";
			};
			name = Debug;
		};
		847243211FFB096F005E81A4 /* Release */ = {
			isa = XCBuildConfiguration;
			buildSettings = {
				ALWAYS_EMBED_SWIFT_STANDARD_LIBRARIES = YES;
				BUNDLE_LOADER = "$(TEST_HOST)";
				CODE_SIGN_STYLE = Automatic;
				INFOPLIST_FILE = myProject1Tests/Info.plist;
				LD_RUNPATH_SEARCH_PATHS = "$(inherited) @executable_path/Frameworks @loader_path/Frameworks";
				PRODUCT_BUNDLE_IDENTIFIER = RDM.myProject1Tests;
				PRODUCT_NAME = "$(TARGET_NAME)";
				SWIFT_VERSION = 4.0;
				TARGETED_DEVICE_FAMILY = "1,2";
				TEST_HOST = "$(BUILT_PRODUCTS_DIR)/myProject1.app/myProject1";
			};
			name = Release;
		};
		847243231FFB096F005E81A4 /* Debug */ = {
			isa = XCBuildConfiguration;
			buildSettings = {
				ALWAYS_EMBED_SWIFT_STANDARD_LIBRARIES = YES;
				CODE_SIGN_STYLE = Automatic;
				INFOPLIST_FILE = myProject1UITests/Info.plist;
				LD_RUNPATH_SEARCH_PATHS = "$(inherited) @executable_path/Frameworks @loader_path/Frameworks";
				PRODUCT_BUNDLE_IDENTIFIER = RDM.myProject1UITests;
				PRODUCT_NAME = "$(TARGET_NAME)";
				SWIFT_VERSION = 4.0;
				TARGETED_DEVICE_FAMILY = "1,2";
				TEST_TARGET_NAME = myProject1;
			};
			name = Debug;
		};
		847243241FFB096F005E81A4 /* Release */ = {
			isa = XCBuildConfiguration;
			buildSettings = {
				ALWAYS_EMBED_SWIFT_STANDARD_LIBRARIES = YES;
				CODE_SIGN_STYLE = Automatic;
				INFOPLIST_FILE = myProject1UITests/Info.plist;
				LD_RUNPATH_SEARCH_PATHS = "$(inherited) @executable_path/Frameworks @loader_path/Frameworks";
				PRODUCT_BUNDLE_IDENTIFIER = RDM.myProject1UITests;
				PRODUCT_NAME = "$(TARGET_NAME)";
				SWIFT_VERSION = 4.0;
				TARGETED_DEVICE_FAMILY = "1,2";
				TEST_TARGET_NAME = myProject1;
			};
			name = Release;
		};
/* End XCBuildConfiguration section */

/* Begin XCConfigurationList section */
		847242EF1FFB096E005E81A4 /* Build configuration list for PBXProject "myProject1" */ = {
			isa = XCConfigurationList;
			buildConfigurations = (
				8472431A1FFB096F005E81A4 /* Debug */,
				8472431B1FFB096F005E81A4 /* Release */,
			);
			defaultConfigurationIsVisible = 0;
			defaultConfigurationName = Release;
		};
		8472431C1FFB096F005E81A4 /* Build configuration list for PBXNativeTarget "myProject1" */ = {
			isa = XCConfigurationList;
			buildConfigurations = (
				8472431D1FFB096F005E81A4 /* Debug */,
				8472431E1FFB096F005E81A4 /* Release */,
			);
			defaultConfigurationIsVisible = 0;
			defaultConfigurationName = Release;
		};
		8472431F1FFB096F005E81A4 /* Build configuration list for PBXNativeTarget "myProject1Tests" */ = {
			isa = XCConfigurationList;
			buildConfigurations = (
				847243201FFB096F005E81A4 /* Debug */,
				847243211FFB096F005E81A4 /* Release */,
			);
			defaultConfigurationIsVisible = 0;
			defaultConfigurationName = Release;
		};
		847243221FFB096F005E81A4 /* Build configuration list for PBXNativeTarget "myProject1UITests" */ = {
			isa = XCConfigurationList;
			buildConfigurations = (
				847243231FFB096F005E81A4 /* Debug */,
				847243241FFB096F005E81A4 /* Release */,
			);
			defaultConfigurationIsVisible = 0;
			defaultConfigurationName = Release;
		};
/* End XCConfigurationList section */
	};
	rootObject = 847242EC1FFB096E005E81A4 /* Project object */;
}
